PODS:
  - Alamofire (5.2.1)
  - SDWebImage (5.8.2):
    - SDWebImage/Core (= 5.8.2)
  - SDWebImage/Core (5.8.2)
  - SnapKit (5.0.1)
  - SwiftLint (0.39.2)
  - YandexMapsMobile (4.0.0-full)

DEPENDENCIES:
  - Alamofire (~> 5.2)
  - SDWebImage (~> 5.0)
  - SnapKit (~> 5.0.0)
  - SwiftLint
  - YandexMapsMobile (= 4.0.0-full)

SPEC REPOS:
  trunk:
    - Alamofire
    - SDWebImage
    - SnapKit
    - SwiftLint
    - YandexMapsMobile

SPEC CHECKSUMS:
  Alamofire: e911732990610fe89af59ac0077f923d72dc3dfd
  SDWebImage: f923a89d7344af399ba77b87a523ae747408207a
  SnapKit: 97b92857e3df3a0c71833cce143274bf6ef8e5eb
  SwiftLint: 22ccbbe3b8008684be5955693bab135e0ed6a447
  YandexMapsMobile: 0f3d8c92fad685dc33d07f83eed4eb0166089743

PODFILE CHECKSUM: 5c9e0a153d83bcfeb7cec2e26d161a58dab8aa20

COCOAPODS: 1.9.3
