// !$*UTF8*$!
{
	archiveVersion = 1;
	classes = {
	};
	objectVersion = 51;
	objects = {

/* Begin PBXBuildFile section */
		045EED042551B62E00B89F69 /* ButtomMenuView.swift in Sources */ = {isa = PBXBuildFile; fileRef = 045EED032551B62E00B89F69 /* ButtomMenuView.swift */; };
		045EED0E2552554C00B89F69 /* SideMenuViewController.swift in Sources */ = {isa = PBXBuildFile; fileRef = 045EED0D2552554C00B89F69 /* SideMenuViewController.swift */; };
		045EED1325525C3400B89F69 /* SlideInPresentationManager.swift in Sources */ = {isa = PBXBuildFile; fileRef = 045EED1025525C3400B89F69 /* SlideInPresentationManager.swift */; };
		045EED1425525C3400B89F69 /* SlideInPresentationController.swift in Sources */ = {isa = PBXBuildFile; fileRef = 045EED1125525C3400B89F69 /* SlideInPresentationController.swift */; };
		045EED1525525C3400B89F69 /* SlideInPresentationAnimator.swift in Sources */ = {isa = PBXBuildFile; fileRef = 045EED1225525C3400B89F69 /* SlideInPresentationAnimator.swift */; };
		0474FB29253BD52E006011C1 /* CustomSwitch.swift in Sources */ = {isa = PBXBuildFile; fileRef = 0474FB28253BD52E006011C1 /* CustomSwitch.swift */; };
		0474FB36253D8367006011C1 /* TabItem.swift in Sources */ = {isa = PBXBuildFile; fileRef = 0474FB33253D8367006011C1 /* TabItem.swift */; };
		0474FB37253D8367006011C1 /* CustomTabView.swift in Sources */ = {isa = PBXBuildFile; fileRef = 0474FB34253D8367006011C1 /* CustomTabView.swift */; };
		0474FB38253D8367006011C1 /* MainMenuTabController.swift in Sources */ = {isa = PBXBuildFile; fileRef = 0474FB35253D8367006011C1 /* MainMenuTabController.swift */; };
		0474FB3B253E64F3006011C1 /* CustomPopupRegViewСontroller.swift in Sources */ = {isa = PBXBuildFile; fileRef = 0474FB3A253E64F3006011C1 /* CustomPopupRegViewСontroller.swift */; };
		0474FB40253FD045006011C1 /* RecoveryPasswordController.swift in Sources */ = {isa = PBXBuildFile; fileRef = 0474FB3F253FD045006011C1 /* RecoveryPasswordController.swift */; };
		0474FB4225406B8E006011C1 /* CustomPopupLogoutController.swift in Sources */ = {isa = PBXBuildFile; fileRef = 0474FB4125406B8E006011C1 /* CustomPopupLogoutController.swift */; };
		04AB6DBE2537D24400D412AC /* Responses.swift in Sources */ = {isa = PBXBuildFile; fileRef = 04AB6DBD2537D24400D412AC /* Responses.swift */; };
		04AB6DC22537D24C00D412AC /* AbstractRequestFactory.swift in Sources */ = {isa = PBXBuildFile; fileRef = 04AB6DBF2537D24C00D412AC /* AbstractRequestFactory.swift */; };
		04AB6DC32537D24C00D412AC /* AuthRequest.swift in Sources */ = {isa = PBXBuildFile; fileRef = 04AB6DC02537D24C00D412AC /* AuthRequest.swift */; };
		04AB6DC42537D24C00D412AC /* RequestFactory.swift in Sources */ = {isa = PBXBuildFile; fileRef = 04AB6DC12537D24C00D412AC /* RequestFactory.swift */; };
		04B5A535256EA6C20099D568 /* PlacesViewController.swift in Sources */ = {isa = PBXBuildFile; fileRef = 04B5A534256EA6C20099D568 /* PlacesViewController.swift */; };
		04B5A538256EB1B90099D568 /* PromotionSectionHeader.swift in Sources */ = {isa = PBXBuildFile; fileRef = 04B5A537256EB1B90099D568 /* PromotionSectionHeader.swift */; };
		04B5A53A256EB3A70099D568 /* PromotionSectionCell.swift in Sources */ = {isa = PBXBuildFile; fileRef = 04B5A539256EB3A70099D568 /* PromotionSectionCell.swift */; };
		04B5A53C256F25460099D568 /* SectionCellModel.swift in Sources */ = {isa = PBXBuildFile; fileRef = 04B5A53B256F25460099D568 /* SectionCellModel.swift */; };
		04B5A53E256F2DCC0099D568 /* TypeSportsCell.swift in Sources */ = {isa = PBXBuildFile; fileRef = 04B5A53D256F2DCC0099D568 /* TypeSportsCell.swift */; };
		04B5A541256F45C00099D568 /* NavigationBar.swift in Sources */ = {isa = PBXBuildFile; fileRef = 04B5A540256F45C00099D568 /* NavigationBar.swift */; };
		04B5A5442570E3670099D568 /* OpeningViewController.swift in Sources */ = {isa = PBXBuildFile; fileRef = 04B5A5432570E3670099D568 /* OpeningViewController.swift */; };
		04B9177F2561282800E401A4 /* UIImage+Extensions.swift in Sources */ = {isa = PBXBuildFile; fileRef = 04B9177E2561282800E401A4 /* UIImage+Extensions.swift */; };
		04B9178125612ABE00E401A4 /* UIColor+Extensions.swift in Sources */ = {isa = PBXBuildFile; fileRef = 04B9178025612ABE00E401A4 /* UIColor+Extensions.swift */; };
		04B9178325612FE500E401A4 /* CustomPageControl.swift in Sources */ = {isa = PBXBuildFile; fileRef = 04B9178225612FE500E401A4 /* CustomPageControl.swift */; };
		04B91785256187EA00E401A4 /* UIImageView+Extensions.swift in Sources */ = {isa = PBXBuildFile; fileRef = 04B91784256187EA00E401A4 /* UIImageView+Extensions.swift */; };
		04D40A2A2533DC7700DEB14B /* AppDelegate.swift in Sources */ = {isa = PBXBuildFile; fileRef = 04D40A292533DC7700DEB14B /* AppDelegate.swift */; };
		04D40A2C2533DC7700DEB14B /* SceneDelegate.swift in Sources */ = {isa = PBXBuildFile; fileRef = 04D40A2B2533DC7700DEB14B /* SceneDelegate.swift */; };
		04D40A332533DC7700DEB14B /* Assets.xcassets in Resources */ = {isa = PBXBuildFile; fileRef = 04D40A322533DC7700DEB14B /* Assets.xcassets */; };
		04D40A362533DC7700DEB14B /* LaunchScreen.storyboard in Resources */ = {isa = PBXBuildFile; fileRef = 04D40A342533DC7700DEB14B /* LaunchScreen.storyboard */; };
		04D40A482533DCCA00DEB14B /* Halant-Light.ttf in Resources */ = {isa = PBXBuildFile; fileRef = 04D40A412533DCCA00DEB14B /* Halant-Light.ttf */; };
		04D40A492533DCCA00DEB14B /* Halant-Semibold.ttf in Resources */ = {isa = PBXBuildFile; fileRef = 04D40A422533DCCA00DEB14B /* Halant-Semibold.ttf */; };
		04D40A4A2533DCCA00DEB14B /* Halant-Medium.ttf in Resources */ = {isa = PBXBuildFile; fileRef = 04D40A432533DCCA00DEB14B /* Halant-Medium.ttf */; };
		04D40A4B2533DCCA00DEB14B /* Halant-Bold.ttf in Resources */ = {isa = PBXBuildFile; fileRef = 04D40A442533DCCA00DEB14B /* Halant-Bold.ttf */; };
		04D40A4D2533DCCA00DEB14B /* Halant-Regular.ttf in Resources */ = {isa = PBXBuildFile; fileRef = 04D40A462533DCCA00DEB14B /* Halant-Regular.ttf */; };
		04D40A532533E17D00DEB14B /* MapViewController.swift in Sources */ = {isa = PBXBuildFile; fileRef = 04D40A502533E17D00DEB14B /* MapViewController.swift */; };
		04D40A542533E17D00DEB14B /* PageViewController.swift in Sources */ = {isa = PBXBuildFile; fileRef = 04D40A512533E17D00DEB14B /* PageViewController.swift */; };
		04D40A552533E17D00DEB14B /* StartViewController.swift in Sources */ = {isa = PBXBuildFile; fileRef = 04D40A522533E17D00DEB14B /* StartViewController.swift */; };
		04D40A582533E4F200DEB14B /* Montserrat-Bold.ttf in Resources */ = {isa = PBXBuildFile; fileRef = 04D40A572533E4F200DEB14B /* Montserrat-Bold.ttf */; };
		04D40A5B2533E6B800DEB14B /* UIFont+Extensions.swift in Sources */ = {isa = PBXBuildFile; fileRef = 04D40A5A2533E6B800DEB14B /* UIFont+Extensions.swift */; };
		04D40A612533E9BA00DEB14B /* UIButton+Extensions.swift in Sources */ = {isa = PBXBuildFile; fileRef = 04D40A602533E9BA00DEB14B /* UIButton+Extensions.swift */; };
		04D40A6425342B4200DEB14B /* PageViewCell.swift in Sources */ = {isa = PBXBuildFile; fileRef = 04D40A6325342B4200DEB14B /* PageViewCell.swift */; };
		04D40A662534586700DEB14B /* PageModel.swift in Sources */ = {isa = PBXBuildFile; fileRef = 04D40A652534586700DEB14B /* PageModel.swift */; };
		04D40A6B2534945200DEB14B /* CustomPopAnimator.swift in Sources */ = {isa = PBXBuildFile; fileRef = 04D40A682534945200DEB14B /* CustomPopAnimator.swift */; };
		04D40A6C2534945200DEB14B /* CustomPushAnimator.swift in Sources */ = {isa = PBXBuildFile; fileRef = 04D40A692534945200DEB14B /* CustomPushAnimator.swift */; };
		04D40A6D2534945200DEB14B /* CustomNavigationController.swift in Sources */ = {isa = PBXBuildFile; fileRef = 04D40A6A2534945200DEB14B /* CustomNavigationController.swift */; };
		04D40A73253495F900DEB14B /* AuthUser.swift in Sources */ = {isa = PBXBuildFile; fileRef = 04D40A72253495F900DEB14B /* AuthUser.swift */; };
		04D40A752534964300DEB14B /* RequestRouter.swift in Sources */ = {isa = PBXBuildFile; fileRef = 04D40A742534964300DEB14B /* RequestRouter.swift */; };
		04D40A782534984E00DEB14B /* UserModel.swift in Sources */ = {isa = PBXBuildFile; fileRef = 04D40A772534984E00DEB14B /* UserModel.swift */; };
		04D40A7A25349B7200DEB14B /* AuthService.swift in Sources */ = {isa = PBXBuildFile; fileRef = 04D40A7925349B7200DEB14B /* AuthService.swift */; };
		04D40A7C25349BE200DEB14B /* NetworkService.swift in Sources */ = {isa = PBXBuildFile; fileRef = 04D40A7B25349BE200DEB14B /* NetworkService.swift */; };
		04D40A7E25349C6A00DEB14B /* ErrorParser.swift in Sources */ = {isa = PBXBuildFile; fileRef = 04D40A7D25349C6A00DEB14B /* ErrorParser.swift */; };
		04D40A8025349D6F00DEB14B /* NetworkServiceFactory.swift in Sources */ = {isa = PBXBuildFile; fileRef = 04D40A7F25349D6F00DEB14B /* NetworkServiceFactory.swift */; };
		04D40A8225349D9A00DEB14B /* Configuration.swift in Sources */ = {isa = PBXBuildFile; fileRef = 04D40A8125349D9A00DEB14B /* Configuration.swift */; };
		04D40A85253539F500DEB14B /* RegistrationViewController.swift in Sources */ = {isa = PBXBuildFile; fileRef = 04D40A84253539F500DEB14B /* RegistrationViewController.swift */; };
		04D40A8825353A6300DEB14B /* CustomTextField.swift in Sources */ = {isa = PBXBuildFile; fileRef = 04D40A8725353A6300DEB14B /* CustomTextField.swift */; };
		04D40A8F2535773500DEB14B /* CustomBorderAuthView.swift in Sources */ = {isa = PBXBuildFile; fileRef = 04D40A8D2535773500DEB14B /* CustomBorderAuthView.swift */; };
		04D40A902535773500DEB14B /* CustomAuthLabel.swift in Sources */ = {isa = PBXBuildFile; fileRef = 04D40A8E2535773500DEB14B /* CustomAuthLabel.swift */; };
		04D40A92253681F500DEB14B /* UILabel+Extensions.swift in Sources */ = {isa = PBXBuildFile; fileRef = 04D40A91253681F500DEB14B /* UILabel+Extensions.swift */; };
		04D40A972536869900DEB14B /* MenuViewController.swift in Sources */ = {isa = PBXBuildFile; fileRef = 04D40A962536869900DEB14B /* MenuViewController.swift */; };
		04D40A992536877B00DEB14B /* CommonViewController.swift in Sources */ = {isa = PBXBuildFile; fileRef = 04D40A982536877B00DEB14B /* CommonViewController.swift */; };
		04D40A9C25368C3F00DEB14B /* MenuViewCell.swift in Sources */ = {isa = PBXBuildFile; fileRef = 04D40A9B25368C3F00DEB14B /* MenuViewCell.swift */; };
		04D40A9E253740E900DEB14B /* MenuHeaderCell.swift in Sources */ = {isa = PBXBuildFile; fileRef = 04D40A9D253740E900DEB14B /* MenuHeaderCell.swift */; };
		CE545FDB256BDA9900C4C63A /* MyProfileModel.swift in Sources */ = {isa = PBXBuildFile; fileRef = CE545FDA256BDA9900C4C63A /* MyProfileModel.swift */; };
		CE60E961255302E400FFDD0F /* RegisterRequest.swift in Sources */ = {isa = PBXBuildFile; fileRef = CE60E960255302E400FFDD0F /* RegisterRequest.swift */; };
		CE60E96925530E9000FFDD0F /* RegistrationViewModel.swift in Sources */ = {isa = PBXBuildFile; fileRef = CE60E96825530E9000FFDD0F /* RegistrationViewModel.swift */; };
		CE60E96C25530EA000FFDD0F /* RegistrationModel.swift in Sources */ = {isa = PBXBuildFile; fileRef = CE60E96B25530EA000FFDD0F /* RegistrationModel.swift */; };
		CE6199AF2559BA8400272F14 /* MySkillsTableViewCell.swift in Sources */ = {isa = PBXBuildFile; fileRef = CE6199AE2559BA8400272F14 /* MySkillsTableViewCell.swift */; };
		CE76982825370681003D8344 /* MyProfileViewController.swift in Sources */ = {isa = PBXBuildFile; fileRef = CE76982725370681003D8344 /* MyProfileViewController.swift */; };
		CE77EC50256108F1004E9F42 /* TokenSecurity.swift in Sources */ = {isa = PBXBuildFile; fileRef = CE77EC4F256108F1004E9F42 /* TokenSecurity.swift */; };
		CE77EC5325610E24004E9F42 /* MyProfileViewModel.swift in Sources */ = {isa = PBXBuildFile; fileRef = CE77EC5225610E24004E9F42 /* MyProfileViewModel.swift */; };
		CE77EC562562F523004E9F42 /* GetUserInfo.swift in Sources */ = {isa = PBXBuildFile; fileRef = CE77EC552562F523004E9F42 /* GetUserInfo.swift */; };
		CEBBE73B254099C5002FFBEB /* ChangePasswordView.swift in Sources */ = {isa = PBXBuildFile; fileRef = CEBBE73A254099C5002FFBEB /* ChangePasswordView.swift */; };
		CEFE522A2558719A00032BE1 /* MySkillsViewController.swift in Sources */ = {isa = PBXBuildFile; fileRef = CEFE52292558719900032BE1 /* MySkillsViewController.swift */; };
		CEFE522D2559B36200032BE1 /* MySkillsTableView.swift in Sources */ = {isa = PBXBuildFile; fileRef = CEFE522C2559B36100032BE1 /* MySkillsTableView.swift */; };
		E0720668554978E8C17752D0 /* Pods_DoSport.framework in Frameworks */ = {isa = PBXBuildFile; fileRef = 16A06897C0CD08F51C213544 /* Pods_DoSport.framework */; };
/* End PBXBuildFile section */

/* Begin PBXFileReference section */
		045EED032551B62E00B89F69 /* ButtomMenuView.swift */ = {isa = PBXFileReference; lastKnownFileType = sourcecode.swift; path = ButtomMenuView.swift; sourceTree = "<group>"; };
		045EED0D2552554C00B89F69 /* SideMenuViewController.swift */ = {isa = PBXFileReference; lastKnownFileType = sourcecode.swift; path = SideMenuViewController.swift; sourceTree = "<group>"; };
		045EED1025525C3400B89F69 /* SlideInPresentationManager.swift */ = {isa = PBXFileReference; fileEncoding = 4; lastKnownFileType = sourcecode.swift; path = SlideInPresentationManager.swift; sourceTree = "<group>"; };
		045EED1125525C3400B89F69 /* SlideInPresentationController.swift */ = {isa = PBXFileReference; fileEncoding = 4; lastKnownFileType = sourcecode.swift; path = SlideInPresentationController.swift; sourceTree = "<group>"; };
		045EED1225525C3400B89F69 /* SlideInPresentationAnimator.swift */ = {isa = PBXFileReference; fileEncoding = 4; lastKnownFileType = sourcecode.swift; path = SlideInPresentationAnimator.swift; sourceTree = "<group>"; };
		0474FB28253BD52E006011C1 /* CustomSwitch.swift */ = {isa = PBXFileReference; lastKnownFileType = sourcecode.swift; path = CustomSwitch.swift; sourceTree = "<group>"; };
		0474FB33253D8367006011C1 /* TabItem.swift */ = {isa = PBXFileReference; fileEncoding = 4; lastKnownFileType = sourcecode.swift; path = TabItem.swift; sourceTree = "<group>"; };
		0474FB34253D8367006011C1 /* CustomTabView.swift */ = {isa = PBXFileReference; fileEncoding = 4; lastKnownFileType = sourcecode.swift; path = CustomTabView.swift; sourceTree = "<group>"; };
		0474FB35253D8367006011C1 /* MainMenuTabController.swift */ = {isa = PBXFileReference; fileEncoding = 4; lastKnownFileType = sourcecode.swift; path = MainMenuTabController.swift; sourceTree = "<group>"; };
		0474FB3A253E64F3006011C1 /* CustomPopupRegViewСontroller.swift */ = {isa = PBXFileReference; lastKnownFileType = sourcecode.swift; path = "CustomPopupRegViewСontroller.swift"; sourceTree = "<group>"; };
		0474FB3F253FD045006011C1 /* RecoveryPasswordController.swift */ = {isa = PBXFileReference; lastKnownFileType = sourcecode.swift; path = RecoveryPasswordController.swift; sourceTree = "<group>"; };
		0474FB4125406B8E006011C1 /* CustomPopupLogoutController.swift */ = {isa = PBXFileReference; lastKnownFileType = sourcecode.swift; path = CustomPopupLogoutController.swift; sourceTree = "<group>"; };
		04AB6DBD2537D24400D412AC /* Responses.swift */ = {isa = PBXFileReference; fileEncoding = 4; lastKnownFileType = sourcecode.swift; path = Responses.swift; sourceTree = "<group>"; };
		04AB6DBF2537D24C00D412AC /* AbstractRequestFactory.swift */ = {isa = PBXFileReference; fileEncoding = 4; lastKnownFileType = sourcecode.swift; path = AbstractRequestFactory.swift; sourceTree = "<group>"; };
		04AB6DC02537D24C00D412AC /* AuthRequest.swift */ = {isa = PBXFileReference; fileEncoding = 4; lastKnownFileType = sourcecode.swift; path = AuthRequest.swift; sourceTree = "<group>"; };
		04AB6DC12537D24C00D412AC /* RequestFactory.swift */ = {isa = PBXFileReference; fileEncoding = 4; lastKnownFileType = sourcecode.swift; path = RequestFactory.swift; sourceTree = "<group>"; };
		04B5A534256EA6C20099D568 /* PlacesViewController.swift */ = {isa = PBXFileReference; lastKnownFileType = sourcecode.swift; path = PlacesViewController.swift; sourceTree = "<group>"; };
		04B5A537256EB1B90099D568 /* PromotionSectionHeader.swift */ = {isa = PBXFileReference; lastKnownFileType = sourcecode.swift; path = PromotionSectionHeader.swift; sourceTree = "<group>"; };
		04B5A539256EB3A70099D568 /* PromotionSectionCell.swift */ = {isa = PBXFileReference; lastKnownFileType = sourcecode.swift; path = PromotionSectionCell.swift; sourceTree = "<group>"; };
		04B5A53B256F25460099D568 /* SectionCellModel.swift */ = {isa = PBXFileReference; lastKnownFileType = sourcecode.swift; path = SectionCellModel.swift; sourceTree = "<group>"; };
		04B5A53D256F2DCC0099D568 /* TypeSportsCell.swift */ = {isa = PBXFileReference; lastKnownFileType = sourcecode.swift; path = TypeSportsCell.swift; sourceTree = "<group>"; };
		04B5A540256F45C00099D568 /* NavigationBar.swift */ = {isa = PBXFileReference; lastKnownFileType = sourcecode.swift; path = NavigationBar.swift; sourceTree = "<group>"; };
		04B5A5432570E3670099D568 /* OpeningViewController.swift */ = {isa = PBXFileReference; lastKnownFileType = sourcecode.swift; path = OpeningViewController.swift; sourceTree = "<group>"; };
		04B9177E2561282800E401A4 /* UIImage+Extensions.swift */ = {isa = PBXFileReference; lastKnownFileType = sourcecode.swift; path = "UIImage+Extensions.swift"; sourceTree = "<group>"; };
		04B9178025612ABE00E401A4 /* UIColor+Extensions.swift */ = {isa = PBXFileReference; lastKnownFileType = sourcecode.swift; path = "UIColor+Extensions.swift"; sourceTree = "<group>"; };
		04B9178225612FE500E401A4 /* CustomPageControl.swift */ = {isa = PBXFileReference; lastKnownFileType = sourcecode.swift; path = CustomPageControl.swift; sourceTree = "<group>"; };
		04B91784256187EA00E401A4 /* UIImageView+Extensions.swift */ = {isa = PBXFileReference; lastKnownFileType = sourcecode.swift; path = "UIImageView+Extensions.swift"; sourceTree = "<group>"; };
		04D40A262533DC7700DEB14B /* DoSport.app */ = {isa = PBXFileReference; explicitFileType = wrapper.application; includeInIndex = 0; path = DoSport.app; sourceTree = BUILT_PRODUCTS_DIR; };
		04D40A292533DC7700DEB14B /* AppDelegate.swift */ = {isa = PBXFileReference; lastKnownFileType = sourcecode.swift; path = AppDelegate.swift; sourceTree = "<group>"; };
		04D40A2B2533DC7700DEB14B /* SceneDelegate.swift */ = {isa = PBXFileReference; lastKnownFileType = sourcecode.swift; path = SceneDelegate.swift; sourceTree = "<group>"; };
		04D40A322533DC7700DEB14B /* Assets.xcassets */ = {isa = PBXFileReference; lastKnownFileType = folder.assetcatalog; path = Assets.xcassets; sourceTree = "<group>"; };
		04D40A352533DC7700DEB14B /* Base */ = {isa = PBXFileReference; lastKnownFileType = file.storyboard; name = Base; path = Base.lproj/LaunchScreen.storyboard; sourceTree = "<group>"; };
		04D40A372533DC7700DEB14B /* Info.plist */ = {isa = PBXFileReference; lastKnownFileType = text.plist.xml; path = Info.plist; sourceTree = "<group>"; };
		04D40A412533DCCA00DEB14B /* Halant-Light.ttf */ = {isa = PBXFileReference; lastKnownFileType = file; path = "Halant-Light.ttf"; sourceTree = "<group>"; };
		04D40A422533DCCA00DEB14B /* Halant-Semibold.ttf */ = {isa = PBXFileReference; lastKnownFileType = file; path = "Halant-Semibold.ttf"; sourceTree = "<group>"; };
		04D40A432533DCCA00DEB14B /* Halant-Medium.ttf */ = {isa = PBXFileReference; lastKnownFileType = file; path = "Halant-Medium.ttf"; sourceTree = "<group>"; };
		04D40A442533DCCA00DEB14B /* Halant-Bold.ttf */ = {isa = PBXFileReference; lastKnownFileType = file; path = "Halant-Bold.ttf"; sourceTree = "<group>"; };
		04D40A462533DCCA00DEB14B /* Halant-Regular.ttf */ = {isa = PBXFileReference; lastKnownFileType = file; path = "Halant-Regular.ttf"; sourceTree = "<group>"; };
		04D40A502533E17D00DEB14B /* MapViewController.swift */ = {isa = PBXFileReference; fileEncoding = 4; lastKnownFileType = sourcecode.swift; path = MapViewController.swift; sourceTree = "<group>"; };
		04D40A512533E17D00DEB14B /* PageViewController.swift */ = {isa = PBXFileReference; fileEncoding = 4; lastKnownFileType = sourcecode.swift; path = PageViewController.swift; sourceTree = "<group>"; };
		04D40A522533E17D00DEB14B /* StartViewController.swift */ = {isa = PBXFileReference; fileEncoding = 4; lastKnownFileType = sourcecode.swift; path = StartViewController.swift; sourceTree = "<group>"; };
		04D40A572533E4F200DEB14B /* Montserrat-Bold.ttf */ = {isa = PBXFileReference; lastKnownFileType = file; path = "Montserrat-Bold.ttf"; sourceTree = "<group>"; };
		04D40A5A2533E6B800DEB14B /* UIFont+Extensions.swift */ = {isa = PBXFileReference; lastKnownFileType = sourcecode.swift; path = "UIFont+Extensions.swift"; sourceTree = "<group>"; };
		04D40A602533E9BA00DEB14B /* UIButton+Extensions.swift */ = {isa = PBXFileReference; fileEncoding = 4; lastKnownFileType = sourcecode.swift; path = "UIButton+Extensions.swift"; sourceTree = "<group>"; };
		04D40A6325342B4200DEB14B /* PageViewCell.swift */ = {isa = PBXFileReference; lastKnownFileType = sourcecode.swift; path = PageViewCell.swift; sourceTree = "<group>"; };
		04D40A652534586700DEB14B /* PageModel.swift */ = {isa = PBXFileReference; lastKnownFileType = sourcecode.swift; path = PageModel.swift; sourceTree = "<group>"; };
		04D40A682534945200DEB14B /* CustomPopAnimator.swift */ = {isa = PBXFileReference; fileEncoding = 4; lastKnownFileType = sourcecode.swift; path = CustomPopAnimator.swift; sourceTree = "<group>"; };
		04D40A692534945200DEB14B /* CustomPushAnimator.swift */ = {isa = PBXFileReference; fileEncoding = 4; lastKnownFileType = sourcecode.swift; path = CustomPushAnimator.swift; sourceTree = "<group>"; };
		04D40A6A2534945200DEB14B /* CustomNavigationController.swift */ = {isa = PBXFileReference; fileEncoding = 4; lastKnownFileType = sourcecode.swift; path = CustomNavigationController.swift; sourceTree = "<group>"; };
		04D40A72253495F900DEB14B /* AuthUser.swift */ = {isa = PBXFileReference; lastKnownFileType = sourcecode.swift; path = AuthUser.swift; sourceTree = "<group>"; };
		04D40A742534964300DEB14B /* RequestRouter.swift */ = {isa = PBXFileReference; lastKnownFileType = sourcecode.swift; path = RequestRouter.swift; sourceTree = "<group>"; };
		04D40A772534984E00DEB14B /* UserModel.swift */ = {isa = PBXFileReference; lastKnownFileType = sourcecode.swift; path = UserModel.swift; sourceTree = "<group>"; };
		04D40A7925349B7200DEB14B /* AuthService.swift */ = {isa = PBXFileReference; lastKnownFileType = sourcecode.swift; path = AuthService.swift; sourceTree = "<group>"; };
		04D40A7B25349BE200DEB14B /* NetworkService.swift */ = {isa = PBXFileReference; lastKnownFileType = sourcecode.swift; path = NetworkService.swift; sourceTree = "<group>"; };
		04D40A7D25349C6A00DEB14B /* ErrorParser.swift */ = {isa = PBXFileReference; lastKnownFileType = sourcecode.swift; path = ErrorParser.swift; sourceTree = "<group>"; };
		04D40A7F25349D6F00DEB14B /* NetworkServiceFactory.swift */ = {isa = PBXFileReference; lastKnownFileType = sourcecode.swift; path = NetworkServiceFactory.swift; sourceTree = "<group>"; };
		04D40A8125349D9A00DEB14B /* Configuration.swift */ = {isa = PBXFileReference; lastKnownFileType = sourcecode.swift; path = Configuration.swift; sourceTree = "<group>"; };
		04D40A84253539F500DEB14B /* RegistrationViewController.swift */ = {isa = PBXFileReference; fileEncoding = 4; lastKnownFileType = sourcecode.swift; path = RegistrationViewController.swift; sourceTree = "<group>"; };
		04D40A8725353A6300DEB14B /* CustomTextField.swift */ = {isa = PBXFileReference; fileEncoding = 4; lastKnownFileType = sourcecode.swift; path = CustomTextField.swift; sourceTree = "<group>"; };
		04D40A8D2535773500DEB14B /* CustomBorderAuthView.swift */ = {isa = PBXFileReference; fileEncoding = 4; lastKnownFileType = sourcecode.swift; path = CustomBorderAuthView.swift; sourceTree = "<group>"; };
		04D40A8E2535773500DEB14B /* CustomAuthLabel.swift */ = {isa = PBXFileReference; fileEncoding = 4; lastKnownFileType = sourcecode.swift; path = CustomAuthLabel.swift; sourceTree = "<group>"; };
		04D40A91253681F500DEB14B /* UILabel+Extensions.swift */ = {isa = PBXFileReference; lastKnownFileType = sourcecode.swift; path = "UILabel+Extensions.swift"; sourceTree = "<group>"; };
		04D40A962536869900DEB14B /* MenuViewController.swift */ = {isa = PBXFileReference; lastKnownFileType = sourcecode.swift; path = MenuViewController.swift; sourceTree = "<group>"; };
		04D40A982536877B00DEB14B /* CommonViewController.swift */ = {isa = PBXFileReference; lastKnownFileType = sourcecode.swift; path = CommonViewController.swift; sourceTree = "<group>"; };
		04D40A9B25368C3F00DEB14B /* MenuViewCell.swift */ = {isa = PBXFileReference; lastKnownFileType = sourcecode.swift; path = MenuViewCell.swift; sourceTree = "<group>"; };
		04D40A9D253740E900DEB14B /* MenuHeaderCell.swift */ = {isa = PBXFileReference; lastKnownFileType = sourcecode.swift; path = MenuHeaderCell.swift; sourceTree = "<group>"; };
		0E789D1C64439D522F33FEAF /* Pods-DoSport.release.xcconfig */ = {isa = PBXFileReference; includeInIndex = 1; lastKnownFileType = text.xcconfig; name = "Pods-DoSport.release.xcconfig"; path = "Target Support Files/Pods-DoSport/Pods-DoSport.release.xcconfig"; sourceTree = "<group>"; };
		16A06897C0CD08F51C213544 /* Pods_DoSport.framework */ = {isa = PBXFileReference; explicitFileType = wrapper.framework; includeInIndex = 0; path = Pods_DoSport.framework; sourceTree = BUILT_PRODUCTS_DIR; };
		798F93902398718CE4ECE3B6 /* Pods-DoSport.debug.xcconfig */ = {isa = PBXFileReference; includeInIndex = 1; lastKnownFileType = text.xcconfig; name = "Pods-DoSport.debug.xcconfig"; path = "Target Support Files/Pods-DoSport/Pods-DoSport.debug.xcconfig"; sourceTree = "<group>"; };
		CE545FDA256BDA9900C4C63A /* MyProfileModel.swift */ = {isa = PBXFileReference; lastKnownFileType = sourcecode.swift; path = MyProfileModel.swift; sourceTree = "<group>"; };
		CE60E960255302E400FFDD0F /* RegisterRequest.swift */ = {isa = PBXFileReference; lastKnownFileType = sourcecode.swift; path = RegisterRequest.swift; sourceTree = "<group>"; };
		CE60E96825530E9000FFDD0F /* RegistrationViewModel.swift */ = {isa = PBXFileReference; lastKnownFileType = sourcecode.swift; path = RegistrationViewModel.swift; sourceTree = "<group>"; };
		CE60E96B25530EA000FFDD0F /* RegistrationModel.swift */ = {isa = PBXFileReference; lastKnownFileType = sourcecode.swift; path = RegistrationModel.swift; sourceTree = "<group>"; };
		CE6199AE2559BA8400272F14 /* MySkillsTableViewCell.swift */ = {isa = PBXFileReference; lastKnownFileType = sourcecode.swift; path = MySkillsTableViewCell.swift; sourceTree = "<group>"; };
		CE76982725370681003D8344 /* MyProfileViewController.swift */ = {isa = PBXFileReference; lastKnownFileType = sourcecode.swift; path = MyProfileViewController.swift; sourceTree = "<group>"; };
		CE77EC4F256108F1004E9F42 /* TokenSecurity.swift */ = {isa = PBXFileReference; lastKnownFileType = sourcecode.swift; path = TokenSecurity.swift; sourceTree = "<group>"; };
		CE77EC5225610E24004E9F42 /* MyProfileViewModel.swift */ = {isa = PBXFileReference; lastKnownFileType = sourcecode.swift; path = MyProfileViewModel.swift; sourceTree = "<group>"; };
		CE77EC552562F523004E9F42 /* GetUserInfo.swift */ = {isa = PBXFileReference; lastKnownFileType = sourcecode.swift; path = GetUserInfo.swift; sourceTree = "<group>"; };
		CEBBE73A254099C5002FFBEB /* ChangePasswordView.swift */ = {isa = PBXFileReference; lastKnownFileType = sourcecode.swift; path = ChangePasswordView.swift; sourceTree = "<group>"; };
		CEFE52292558719900032BE1 /* MySkillsViewController.swift */ = {isa = PBXFileReference; lastKnownFileType = sourcecode.swift; path = MySkillsViewController.swift; sourceTree = "<group>"; };
		CEFE522C2559B36100032BE1 /* MySkillsTableView.swift */ = {isa = PBXFileReference; lastKnownFileType = sourcecode.swift; path = MySkillsTableView.swift; sourceTree = "<group>"; };
/* End PBXFileReference section */

/* Begin PBXFrameworksBuildPhase section */
		04D40A232533DC7700DEB14B /* Frameworks */ = {
			isa = PBXFrameworksBuildPhase;
			buildActionMask = 2147483647;
			files = (
				E0720668554978E8C17752D0 /* Pods_DoSport.framework in Frameworks */,
			);
			runOnlyForDeploymentPostprocessing = 0;
		};
/* End PBXFrameworksBuildPhase section */

/* Begin PBXGroup section */
		045EED0F25525C2900B89F69 /* Presentation */ = {
			isa = PBXGroup;
			children = (
				045EED1225525C3400B89F69 /* SlideInPresentationAnimator.swift */,
				045EED1125525C3400B89F69 /* SlideInPresentationController.swift */,
				045EED1025525C3400B89F69 /* SlideInPresentationManager.swift */,
			);
			path = Presentation;
			sourceTree = "<group>";
		};
		0474FB32253D834D006011C1 /* TabBarMenu */ = {
			isa = PBXGroup;
			children = (
				0474FB35253D8367006011C1 /* MainMenuTabController.swift */,
				0474FB34253D8367006011C1 /* CustomTabView.swift */,
				0474FB33253D8367006011C1 /* TabItem.swift */,
			);
			path = TabBarMenu;
			sourceTree = "<group>";
		};
		0474FB3E253FCFAF006011C1 /* RecoveryPassword */ = {
			isa = PBXGroup;
			children = (
				0474FB3F253FD045006011C1 /* RecoveryPasswordController.swift */,
				0474FB4125406B8E006011C1 /* CustomPopupLogoutController.swift */,
				0474FB3A253E64F3006011C1 /* CustomPopupRegViewСontroller.swift */,
			);
			path = RecoveryPassword;
			sourceTree = "<group>";
		};
		04AB6DBB2537D21D00D412AC /* Network2 */ = {
			isa = PBXGroup;
			children = (
				CEA15E17255300300078DA9C /* RequestList */,
				04AB6DBC2537D22C00D412AC /* ResponseEntity */,
				04AB6DBF2537D24C00D412AC /* AbstractRequestFactory.swift */,
				04AB6DC12537D24C00D412AC /* RequestFactory.swift */,
				04D40A7D25349C6A00DEB14B /* ErrorParser.swift */,
				04D40A742534964300DEB14B /* RequestRouter.swift */,
			);
			path = Network2;
			sourceTree = "<group>";
		};
		04AB6DBC2537D22C00D412AC /* ResponseEntity */ = {
			isa = PBXGroup;
			children = (
				04AB6DBD2537D24400D412AC /* Responses.swift */,
			);
			path = ResponseEntity;
			sourceTree = "<group>";
		};
		04B5A533256EA6A10099D568 /* PlacesController */ = {
			isa = PBXGroup;
			children = (
				04B5A536256EB1A60099D568 /* Views */,
				04B5A534256EA6C20099D568 /* PlacesViewController.swift */,
			);
			path = PlacesController;
			sourceTree = "<group>";
		};
		04B5A536256EB1A60099D568 /* Views */ = {
			isa = PBXGroup;
			children = (
				04B5A540256F45C00099D568 /* NavigationBar.swift */,
				04B5A53B256F25460099D568 /* SectionCellModel.swift */,
				04B5A53F256F31AF0099D568 /* Cells */,
			);
			path = Views;
			sourceTree = "<group>";
		};
		04B5A53F256F31AF0099D568 /* Cells */ = {
			isa = PBXGroup;
			children = (
				04B5A537256EB1B90099D568 /* PromotionSectionHeader.swift */,
				04B5A539256EB3A70099D568 /* PromotionSectionCell.swift */,
				04B5A53D256F2DCC0099D568 /* TypeSportsCell.swift */,
			);
			path = Cells;
			sourceTree = "<group>";
		};
		04B5A5422570E3330099D568 /* OpeningController */ = {
			isa = PBXGroup;
			children = (
				04B5A5432570E3670099D568 /* OpeningViewController.swift */,
			);
			path = OpeningController;
			sourceTree = "<group>";
		};
		04D40A1D2533DC7600DEB14B = {
			isa = PBXGroup;
			children = (
				04D40A282533DC7700DEB14B /* DoSport */,
				04D40A272533DC7700DEB14B /* Products */,
				C4DD56A0EA60A23858CA68C9 /* Pods */,
				B1BE418ACEE0449E5909D0B0 /* Frameworks */,
			);
			sourceTree = "<group>";
		};
		04D40A272533DC7700DEB14B /* Products */ = {
			isa = PBXGroup;
			children = (
				04D40A262533DC7700DEB14B /* DoSport.app */,
			);
			name = Products;
			sourceTree = "<group>";
		};
		04D40A282533DC7700DEB14B /* DoSport */ = {
			isa = PBXGroup;
			children = (
				04D40A5D2533E87B00DEB14B /* Application */,
				04D40A3D2533DC7F00DEB14B /* Flow */,
				04D40A762534983B00DEB14B /* Model */,
				04D40A5E2533E88A00DEB14B /* Services */,
				04D40A3E2533DC8B00DEB14B /* Helpers */,
				04D40A5C2533E84300DEB14B /* Resources */,
			);
			path = DoSport;
			sourceTree = "<group>";
		};
		04D40A3D2533DC7F00DEB14B /* Flow */ = {
			isa = PBXGroup;
			children = (
				04B5A5422570E3330099D568 /* OpeningController */,
				04D40A4F2533E16600DEB14B /* StartController */,
				04D40A592533E5D600DEB14B /* PageController */,
				0474FB32253D834D006011C1 /* TabBarMenu */,
				04B5A533256EA6A10099D568 /* PlacesController */,
				04D40A93253684F200DEB14B /* MenuViewController */,
				04D40A832535398300DEB14B /* RegistrationController */,
				0474FB3E253FCFAF006011C1 /* RecoveryPassword */,
				CE7698262537061F003D8344 /* MyProfileController */,
				04D40A5F2533E89600DEB14B /* MapController */,
				04D40A982536877B00DEB14B /* CommonViewController.swift */,
			);
			path = Flow;
			sourceTree = "<group>";
		};
		04D40A3E2533DC8B00DEB14B /* Helpers */ = {
			isa = PBXGroup;
			children = (
				045EED0F25525C2900B89F69 /* Presentation */,
				04D40A8625353A5C00DEB14B /* View */,
				04D40A672534943C00DEB14B /* Navigation */,
				04D40A3F2533DCA800DEB14B /* Extensions */,
				04D40A402533DCBA00DEB14B /* Font */,
			);
			path = Helpers;
			sourceTree = "<group>";
		};
		04D40A3F2533DCA800DEB14B /* Extensions */ = {
			isa = PBXGroup;
			children = (
				04D40A5A2533E6B800DEB14B /* UIFont+Extensions.swift */,
				04D40A602533E9BA00DEB14B /* UIButton+Extensions.swift */,
				04D40A91253681F500DEB14B /* UILabel+Extensions.swift */,
				04B9177E2561282800E401A4 /* UIImage+Extensions.swift */,
				04B9178025612ABE00E401A4 /* UIColor+Extensions.swift */,
				04B91784256187EA00E401A4 /* UIImageView+Extensions.swift */,
			);
			path = Extensions;
			sourceTree = "<group>";
		};
		04D40A402533DCBA00DEB14B /* Font */ = {
			isa = PBXGroup;
			children = (
				04D40A442533DCCA00DEB14B /* Halant-Bold.ttf */,
				04D40A412533DCCA00DEB14B /* Halant-Light.ttf */,
				04D40A432533DCCA00DEB14B /* Halant-Medium.ttf */,
				04D40A462533DCCA00DEB14B /* Halant-Regular.ttf */,
				04D40A422533DCCA00DEB14B /* Halant-Semibold.ttf */,
				04D40A572533E4F200DEB14B /* Montserrat-Bold.ttf */,
			);
			path = Font;
			sourceTree = "<group>";
		};
		04D40A4F2533E16600DEB14B /* StartController */ = {
			isa = PBXGroup;
			children = (
				04D40A522533E17D00DEB14B /* StartViewController.swift */,
			);
			path = StartController;
			sourceTree = "<group>";
		};
		04D40A592533E5D600DEB14B /* PageController */ = {
			isa = PBXGroup;
			children = (
				04D40A6225342B2600DEB14B /* Cell */,
				04D40A512533E17D00DEB14B /* PageViewController.swift */,
			);
			path = PageController;
			sourceTree = "<group>";
		};
		04D40A5C2533E84300DEB14B /* Resources */ = {
			isa = PBXGroup;
			children = (
				04D40A322533DC7700DEB14B /* Assets.xcassets */,
				04D40A342533DC7700DEB14B /* LaunchScreen.storyboard */,
				04D40A372533DC7700DEB14B /* Info.plist */,
			);
			path = Resources;
			sourceTree = "<group>";
		};
		04D40A5D2533E87B00DEB14B /* Application */ = {
			isa = PBXGroup;
			children = (
				04D40A292533DC7700DEB14B /* AppDelegate.swift */,
				04D40A2B2533DC7700DEB14B /* SceneDelegate.swift */,
			);
			path = Application;
			sourceTree = "<group>";
		};
		04D40A5E2533E88A00DEB14B /* Services */ = {
			isa = PBXGroup;
			children = (
				CE77EC4E256108DE004E9F42 /* Security */,
				04AB6DBB2537D21D00D412AC /* Network2 */,
				04D40A70253495E400DEB14B /* Network */,
			);
			path = Services;
			sourceTree = "<group>";
		};
		04D40A5F2533E89600DEB14B /* MapController */ = {
			isa = PBXGroup;
			children = (
				04D40A502533E17D00DEB14B /* MapViewController.swift */,
				045EED032551B62E00B89F69 /* ButtomMenuView.swift */,
				045EED0D2552554C00B89F69 /* SideMenuViewController.swift */,
			);
			path = MapController;
			sourceTree = "<group>";
		};
		04D40A6225342B2600DEB14B /* Cell */ = {
			isa = PBXGroup;
			children = (
				04D40A6325342B4200DEB14B /* PageViewCell.swift */,
				04D40A652534586700DEB14B /* PageModel.swift */,
			);
			path = Cell;
			sourceTree = "<group>";
		};
		04D40A672534943C00DEB14B /* Navigation */ = {
			isa = PBXGroup;
			children = (
				04D40A6A2534945200DEB14B /* CustomNavigationController.swift */,
				04D40A682534945200DEB14B /* CustomPopAnimator.swift */,
				04D40A692534945200DEB14B /* CustomPushAnimator.swift */,
			);
			path = Navigation;
			sourceTree = "<group>";
		};
		04D40A70253495E400DEB14B /* Network */ = {
			isa = PBXGroup;
			children = (
				04D40A71253495EF00DEB14B /* Model */,
				04D40A7925349B7200DEB14B /* AuthService.swift */,
				04D40A7B25349BE200DEB14B /* NetworkService.swift */,
				04D40A7F25349D6F00DEB14B /* NetworkServiceFactory.swift */,
				04D40A8125349D9A00DEB14B /* Configuration.swift */,
			);
			path = Network;
			sourceTree = "<group>";
		};
		04D40A71253495EF00DEB14B /* Model */ = {
			isa = PBXGroup;
			children = (
				04D40A72253495F900DEB14B /* AuthUser.swift */,
			);
			path = Model;
			sourceTree = "<group>";
		};
		04D40A762534983B00DEB14B /* Model */ = {
			isa = PBXGroup;
			children = (
				04D40A772534984E00DEB14B /* UserModel.swift */,
			);
			path = Model;
			sourceTree = "<group>";
		};
		04D40A832535398300DEB14B /* RegistrationController */ = {
			isa = PBXGroup;
			children = (
				04D40A84253539F500DEB14B /* RegistrationViewController.swift */,
				CE60E96825530E9000FFDD0F /* RegistrationViewModel.swift */,
				CE60E96B25530EA000FFDD0F /* RegistrationModel.swift */,
			);
			path = RegistrationController;
			sourceTree = "<group>";
		};
		04D40A8625353A5C00DEB14B /* View */ = {
			isa = PBXGroup;
			children = (
				04D40A8E2535773500DEB14B /* CustomAuthLabel.swift */,
				04D40A8D2535773500DEB14B /* CustomBorderAuthView.swift */,
				04D40A8725353A6300DEB14B /* CustomTextField.swift */,
				0474FB28253BD52E006011C1 /* CustomSwitch.swift */,
				04B9178225612FE500E401A4 /* CustomPageControl.swift */,
			);
			path = View;
			sourceTree = "<group>";
		};
		04D40A93253684F200DEB14B /* MenuViewController */ = {
			isa = PBXGroup;
			children = (
				04D40A9A25368C3500DEB14B /* Cell */,
				04D40A962536869900DEB14B /* MenuViewController.swift */,
			);
			path = MenuViewController;
			sourceTree = "<group>";
		};
		04D40A9A25368C3500DEB14B /* Cell */ = {
			isa = PBXGroup;
			children = (
				04D40A9B25368C3F00DEB14B /* MenuViewCell.swift */,
				04D40A9D253740E900DEB14B /* MenuHeaderCell.swift */,
			);
			path = Cell;
			sourceTree = "<group>";
		};
		B1BE418ACEE0449E5909D0B0 /* Frameworks */ = {
			isa = PBXGroup;
			children = (
				16A06897C0CD08F51C213544 /* Pods_DoSport.framework */,
			);
			name = Frameworks;
			sourceTree = "<group>";
		};
		C4DD56A0EA60A23858CA68C9 /* Pods */ = {
			isa = PBXGroup;
			children = (
				798F93902398718CE4ECE3B6 /* Pods-DoSport.debug.xcconfig */,
				0E789D1C64439D522F33FEAF /* Pods-DoSport.release.xcconfig */,
			);
			path = Pods;
			sourceTree = "<group>";
		};
		CE60E9702558708200FFDD0F /* MySkills */ = {
			isa = PBXGroup;
			children = (
				CEFE52292558719900032BE1 /* MySkillsViewController.swift */,
				CE6199AE2559BA8400272F14 /* MySkillsTableViewCell.swift */,
				CEFE522C2559B36100032BE1 /* MySkillsTableView.swift */,
			);
			path = MySkills;
			sourceTree = "<group>";
		};
		CE7698262537061F003D8344 /* MyProfileController */ = {
			isa = PBXGroup;
			children = (
				CE60E9702558708200FFDD0F /* MySkills */,
				CEBBE73D254099CA002FFBEB /* ChangePassword */,
				CE76982725370681003D8344 /* MyProfileViewController.swift */,
				CE77EC5225610E24004E9F42 /* MyProfileViewModel.swift */,
				CE545FDA256BDA9900C4C63A /* MyProfileModel.swift */,
			);
			path = MyProfileController;
			sourceTree = "<group>";
		};
		CE77EC4E256108DE004E9F42 /* Security */ = {
			isa = PBXGroup;
			children = (
				CE77EC4F256108F1004E9F42 /* TokenSecurity.swift */,
			);
			path = Security;
			sourceTree = "<group>";
		};
		CEA15E17255300300078DA9C /* RequestList */ = {
			isa = PBXGroup;
			children = (
				04AB6DC02537D24C00D412AC /* AuthRequest.swift */,
				CE77EC552562F523004E9F42 /* GetUserInfo.swift */,
				CE60E960255302E400FFDD0F /* RegisterRequest.swift */,
			);
			path = RequestList;
			sourceTree = "<group>";
		};
		CEBBE73D254099CA002FFBEB /* ChangePassword */ = {
			isa = PBXGroup;
			children = (
				CEBBE73A254099C5002FFBEB /* ChangePasswordView.swift */,
			);
			path = ChangePassword;
			sourceTree = "<group>";
		};
/* End PBXGroup section */

/* Begin PBXNativeTarget section */
		04D40A252533DC7700DEB14B /* DoSport */ = {
			isa = PBXNativeTarget;
			buildConfigurationList = 04D40A3A2533DC7700DEB14B /* Build configuration list for PBXNativeTarget "DoSport" */;
			buildPhases = (
				32D9DE828C0BFE5C54055290 /* [CP] Check Pods Manifest.lock */,
				04D40A222533DC7700DEB14B /* Sources */,
				04D40A232533DC7700DEB14B /* Frameworks */,
				04D40A242533DC7700DEB14B /* Resources */,
				5DD8673C1AE9188141E425BA /* [CP] Embed Pods Frameworks */,
				6BEDC3ECAD0D40DC008BB38A /* [CP] Copy Pods Resources */,
				04D40A562533E2D700DEB14B /* ShellScript */,
			);
			buildRules = (
			);
			dependencies = (
			);
			name = DoSport;
			productName = DoSport;
			productReference = 04D40A262533DC7700DEB14B /* DoSport.app */;
			productType = "com.apple.product-type.application";
		};
/* End PBXNativeTarget section */

/* Begin PBXProject section */
		04D40A1E2533DC7600DEB14B /* Project object */ = {
			isa = PBXProject;
			attributes = {
				LastSwiftUpdateCheck = 1150;
				LastUpgradeCheck = 1150;
				ORGANIZATIONNAME = MAC;
				TargetAttributes = {
					04D40A252533DC7700DEB14B = {
						CreatedOnToolsVersion = 11.5;
					};
				};
			};
			buildConfigurationList = 04D40A212533DC7600DEB14B /* Build configuration list for PBXProject "DoSport" */;
			compatibilityVersion = "Xcode 9.3";
			developmentRegion = en;
			hasScannedForEncodings = 0;
			knownRegions = (
				en,
				Base,
			);
			mainGroup = 04D40A1D2533DC7600DEB14B;
			productRefGroup = 04D40A272533DC7700DEB14B /* Products */;
			projectDirPath = "";
			projectRoot = "";
			targets = (
				04D40A252533DC7700DEB14B /* DoSport */,
			);
		};
/* End PBXProject section */

/* Begin PBXResourcesBuildPhase section */
		04D40A242533DC7700DEB14B /* Resources */ = {
			isa = PBXResourcesBuildPhase;
			buildActionMask = 2147483647;
			files = (
				04D40A362533DC7700DEB14B /* LaunchScreen.storyboard in Resources */,
				04D40A482533DCCA00DEB14B /* Halant-Light.ttf in Resources */,
				04D40A332533DC7700DEB14B /* Assets.xcassets in Resources */,
				04D40A4B2533DCCA00DEB14B /* Halant-Bold.ttf in Resources */,
				04D40A582533E4F200DEB14B /* Montserrat-Bold.ttf in Resources */,
				04D40A492533DCCA00DEB14B /* Halant-Semibold.ttf in Resources */,
				04D40A4A2533DCCA00DEB14B /* Halant-Medium.ttf in Resources */,
				04D40A4D2533DCCA00DEB14B /* Halant-Regular.ttf in Resources */,
			);
			runOnlyForDeploymentPostprocessing = 0;
		};
/* End PBXResourcesBuildPhase section */

/* Begin PBXShellScriptBuildPhase section */
		04D40A562533E2D700DEB14B /* ShellScript */ = {
			isa = PBXShellScriptBuildPhase;
			buildActionMask = 2147483647;
			files = (
			);
			inputFileListPaths = (
			);
			inputPaths = (
			);
			outputFileListPaths = (
			);
			outputPaths = (
			);
			runOnlyForDeploymentPostprocessing = 0;
			shellPath = /bin/sh;
			shellScript = "# Type a script or drag a script file from your workspace to insert its path.\n\"${PODS_ROOT}/SwiftLint/swiftlint\"\n";
		};
		32D9DE828C0BFE5C54055290 /* [CP] Check Pods Manifest.lock */ = {
			isa = PBXShellScriptBuildPhase;
			buildActionMask = 2147483647;
			files = (
			);
			inputFileListPaths = (
			);
			inputPaths = (
				"${PODS_PODFILE_DIR_PATH}/Podfile.lock",
				"${PODS_ROOT}/Manifest.lock",
			);
			name = "[CP] Check Pods Manifest.lock";
			outputFileListPaths = (
			);
			outputPaths = (
				"$(DERIVED_FILE_DIR)/Pods-DoSport-checkManifestLockResult.txt",
			);
			runOnlyForDeploymentPostprocessing = 0;
			shellPath = /bin/sh;
			shellScript = "diff \"${PODS_PODFILE_DIR_PATH}/Podfile.lock\" \"${PODS_ROOT}/Manifest.lock\" > /dev/null\nif [ $? != 0 ] ; then\n    # print error to STDERR\n    echo \"error: The sandbox is not in sync with the Podfile.lock. Run 'pod install' or update your CocoaPods installation.\" >&2\n    exit 1\nfi\n# This output is used by Xcode 'outputs' to avoid re-running this script phase.\necho \"SUCCESS\" > \"${SCRIPT_OUTPUT_FILE_0}\"\n";
			showEnvVarsInLog = 0;
		};
		5DD8673C1AE9188141E425BA /* [CP] Embed Pods Frameworks */ = {
			isa = PBXShellScriptBuildPhase;
			buildActionMask = 2147483647;
			files = (
			);
			inputFileListPaths = (
				"${PODS_ROOT}/Target Support Files/Pods-DoSport/Pods-DoSport-frameworks-${CONFIGURATION}-input-files.xcfilelist",
			);
			name = "[CP] Embed Pods Frameworks";
			outputFileListPaths = (
				"${PODS_ROOT}/Target Support Files/Pods-DoSport/Pods-DoSport-frameworks-${CONFIGURATION}-output-files.xcfilelist",
			);
			runOnlyForDeploymentPostprocessing = 0;
			shellPath = /bin/sh;
			shellScript = "\"${PODS_ROOT}/Target Support Files/Pods-DoSport/Pods-DoSport-frameworks.sh\"\n";
			showEnvVarsInLog = 0;
		};
		6BEDC3ECAD0D40DC008BB38A /* [CP] Copy Pods Resources */ = {
			isa = PBXShellScriptBuildPhase;
			buildActionMask = 2147483647;
			files = (
			);
			inputFileListPaths = (
				"${PODS_ROOT}/Target Support Files/Pods-DoSport/Pods-DoSport-resources-${CONFIGURATION}-input-files.xcfilelist",
			);
			name = "[CP] Copy Pods Resources";
			outputFileListPaths = (
				"${PODS_ROOT}/Target Support Files/Pods-DoSport/Pods-DoSport-resources-${CONFIGURATION}-output-files.xcfilelist",
			);
			runOnlyForDeploymentPostprocessing = 0;
			shellPath = /bin/sh;
			shellScript = "\"${PODS_ROOT}/Target Support Files/Pods-DoSport/Pods-DoSport-resources.sh\"\n";
			showEnvVarsInLog = 0;
		};
/* End PBXShellScriptBuildPhase section */

/* Begin PBXSourcesBuildPhase section */
		04D40A222533DC7700DEB14B /* Sources */ = {
			isa = PBXSourcesBuildPhase;
			buildActionMask = 2147483647;
			files = (
				04AB6DC42537D24C00D412AC /* RequestFactory.swift in Sources */,
				04AB6DBE2537D24400D412AC /* Responses.swift in Sources */,
				04B5A5442570E3670099D568 /* OpeningViewController.swift in Sources */,
				04D40A85253539F500DEB14B /* RegistrationViewController.swift in Sources */,
				04D40A972536869900DEB14B /* MenuViewController.swift in Sources */,
				CE60E96C25530EA000FFDD0F /* RegistrationModel.swift in Sources */,
				045EED0E2552554C00B89F69 /* SideMenuViewController.swift in Sources */,
				0474FB37253D8367006011C1 /* CustomTabView.swift in Sources */,
				04AB6DC22537D24C00D412AC /* AbstractRequestFactory.swift in Sources */,
				04D40A6D2534945200DEB14B /* CustomNavigationController.swift in Sources */,
				04D40A6C2534945200DEB14B /* CustomPushAnimator.swift in Sources */,
				CE60E961255302E400FFDD0F /* RegisterRequest.swift in Sources */,
				04D40A752534964300DEB14B /* RequestRouter.swift in Sources */,
				CE77EC5325610E24004E9F42 /* MyProfileViewModel.swift in Sources */,
				CE6199AF2559BA8400272F14 /* MySkillsTableViewCell.swift in Sources */,
				045EED1325525C3400B89F69 /* SlideInPresentationManager.swift in Sources */,
				04AB6DC32537D24C00D412AC /* AuthRequest.swift in Sources */,
				CE77EC50256108F1004E9F42 /* TokenSecurity.swift in Sources */,
				04D40A9C25368C3F00DEB14B /* MenuViewCell.swift in Sources */,
				04B5A53E256F2DCC0099D568 /* TypeSportsCell.swift in Sources */,
				04D40A542533E17D00DEB14B /* PageViewController.swift in Sources */,
				045EED1425525C3400B89F69 /* SlideInPresentationController.swift in Sources */,
				04D40A902535773500DEB14B /* CustomAuthLabel.swift in Sources */,
				04D40A92253681F500DEB14B /* UILabel+Extensions.swift in Sources */,
				04B5A53C256F25460099D568 /* SectionCellModel.swift in Sources */,
				04D40A612533E9BA00DEB14B /* UIButton+Extensions.swift in Sources */,
				04D40A2A2533DC7700DEB14B /* AppDelegate.swift in Sources */,
				CE76982825370681003D8344 /* MyProfileViewController.swift in Sources */,
				04D40A8F2535773500DEB14B /* CustomBorderAuthView.swift in Sources */,
				0474FB40253FD045006011C1 /* RecoveryPasswordController.swift in Sources */,
				0474FB4225406B8E006011C1 /* CustomPopupLogoutController.swift in Sources */,
				04B9178125612ABE00E401A4 /* UIColor+Extensions.swift in Sources */,
				04B9177F2561282800E401A4 /* UIImage+Extensions.swift in Sources */,
				04D40A8225349D9A00DEB14B /* Configuration.swift in Sources */,
				04D40A73253495F900DEB14B /* AuthUser.swift in Sources */,
				04D40A9E253740E900DEB14B /* MenuHeaderCell.swift in Sources */,
				04B91785256187EA00E401A4 /* UIImageView+Extensions.swift in Sources */,
				04D40A6B2534945200DEB14B /* CustomPopAnimator.swift in Sources */,
				04D40A2C2533DC7700DEB14B /* SceneDelegate.swift in Sources */,
				04B5A541256F45C00099D568 /* NavigationBar.swift in Sources */,
				04D40A532533E17D00DEB14B /* MapViewController.swift in Sources */,
				04D40A8825353A6300DEB14B /* CustomTextField.swift in Sources */,
				04D40A662534586700DEB14B /* PageModel.swift in Sources */,
				04B5A53A256EB3A70099D568 /* PromotionSectionCell.swift in Sources */,
				CE60E96925530E9000FFDD0F /* RegistrationViewModel.swift in Sources */,
				04D40A992536877B00DEB14B /* CommonViewController.swift in Sources */,
				0474FB38253D8367006011C1 /* MainMenuTabController.swift in Sources */,
				04D40A6425342B4200DEB14B /* PageViewCell.swift in Sources */,
				0474FB3B253E64F3006011C1 /* CustomPopupRegViewСontroller.swift in Sources */,
				045EED042551B62E00B89F69 /* ButtomMenuView.swift in Sources */,
				CE545FDB256BDA9900C4C63A /* MyProfileModel.swift in Sources */,
				CEBBE73B254099C5002FFBEB /* ChangePasswordView.swift in Sources */,
				04D40A5B2533E6B800DEB14B /* UIFont+Extensions.swift in Sources */,
				04D40A8025349D6F00DEB14B /* NetworkServiceFactory.swift in Sources */,
				0474FB36253D8367006011C1 /* TabItem.swift in Sources */,
				04D40A7E25349C6A00DEB14B /* ErrorParser.swift in Sources */,
				04B5A535256EA6C20099D568 /* PlacesViewController.swift in Sources */,
				04D40A782534984E00DEB14B /* UserModel.swift in Sources */,
				CEFE522D2559B36200032BE1 /* MySkillsTableView.swift in Sources */,
				04D40A552533E17D00DEB14B /* StartViewController.swift in Sources */,
				0474FB29253BD52E006011C1 /* CustomSwitch.swift in Sources */,
				045EED1525525C3400B89F69 /* SlideInPresentationAnimator.swift in Sources */,
				04B5A538256EB1B90099D568 /* PromotionSectionHeader.swift in Sources */,
				CEFE522A2558719A00032BE1 /* MySkillsViewController.swift in Sources */,
				04D40A7C25349BE200DEB14B /* NetworkService.swift in Sources */,
				04D40A7A25349B7200DEB14B /* AuthService.swift in Sources */,
				04B9178325612FE500E401A4 /* CustomPageControl.swift in Sources */,
				CE77EC562562F523004E9F42 /* GetUserInfo.swift in Sources */,
			);
			runOnlyForDeploymentPostprocessing = 0;
		};
/* End PBXSourcesBuildPhase section */

/* Begin PBXVariantGroup section */
		04D40A342533DC7700DEB14B /* LaunchScreen.storyboard */ = {
			isa = PBXVariantGroup;
			children = (
				04D40A352533DC7700DEB14B /* Base */,
			);
			name = LaunchScreen.storyboard;
			sourceTree = "<group>";
		};
/* End PBXVariantGroup section */

/* Begin XCBuildConfiguration section */
		04D40A382533DC7700DEB14B /* Debug */ = {
			isa = XCBuildConfiguration;
			buildSettings = {
				ALWAYS_SEARCH_USER_PATHS = NO;
				CLANG_ANALYZER_NONNULL = YES;
				CLANG_ANALYZER_NUMBER_OBJECT_CONVERSION = YES_AGGRESSIVE;
				CLANG_CXX_LANGUAGE_STANDARD = "gnu++14";
				CLANG_CXX_LIBRARY = "libc++";
				CLANG_ENABLE_MODULES = YES;
				CLANG_ENABLE_OBJC_ARC = YES;
				CLANG_ENABLE_OBJC_WEAK = YES;
				CLANG_WARN_BLOCK_CAPTURE_AUTORELEASING = YES;
				CLANG_WARN_BOOL_CONVERSION = YES;
				CLANG_WARN_COMMA = YES;
				CLANG_WARN_CONSTANT_CONVERSION = YES;
				CLANG_WARN_DEPRECATED_OBJC_IMPLEMENTATIONS = YES;
				CLANG_WARN_DIRECT_OBJC_ISA_USAGE = YES_ERROR;
				CLANG_WARN_DOCUMENTATION_COMMENTS = YES;
				CLANG_WARN_EMPTY_BODY = YES;
				CLANG_WARN_ENUM_CONVERSION = YES;
				CLANG_WARN_INFINITE_RECURSION = YES;
				CLANG_WARN_INT_CONVERSION = YES;
				CLANG_WARN_NON_LITERAL_NULL_CONVERSION = YES;
				CLANG_WARN_OBJC_IMPLICIT_RETAIN_SELF = YES;
				CLANG_WARN_OBJC_LITERAL_CONVERSION = YES;
				CLANG_WARN_OBJC_ROOT_CLASS = YES_ERROR;
				CLANG_WARN_RANGE_LOOP_ANALYSIS = YES;
				CLANG_WARN_STRICT_PROTOTYPES = YES;
				CLANG_WARN_SUSPICIOUS_MOVE = YES;
				CLANG_WARN_UNGUARDED_AVAILABILITY = YES_AGGRESSIVE;
				CLANG_WARN_UNREACHABLE_CODE = YES;
				CLANG_WARN__DUPLICATE_METHOD_MATCH = YES;
				COPY_PHASE_STRIP = NO;
				DEBUG_INFORMATION_FORMAT = dwarf;
				ENABLE_STRICT_OBJC_MSGSEND = YES;
				ENABLE_TESTABILITY = YES;
				GCC_C_LANGUAGE_STANDARD = gnu11;
				GCC_DYNAMIC_NO_PIC = NO;
				GCC_NO_COMMON_BLOCKS = YES;
				GCC_OPTIMIZATION_LEVEL = 0;
				GCC_PREPROCESSOR_DEFINITIONS = (
					"DEBUG=1",
					"$(inherited)",
				);
				GCC_WARN_64_TO_32_BIT_CONVERSION = YES;
				GCC_WARN_ABOUT_RETURN_TYPE = YES_ERROR;
				GCC_WARN_UNDECLARED_SELECTOR = YES;
				GCC_WARN_UNINITIALIZED_AUTOS = YES_AGGRESSIVE;
				GCC_WARN_UNUSED_FUNCTION = YES;
				GCC_WARN_UNUSED_VARIABLE = YES;
				IPHONEOS_DEPLOYMENT_TARGET = 13.0;
				MTL_ENABLE_DEBUG_INFO = INCLUDE_SOURCE;
				MTL_FAST_MATH = YES;
				ONLY_ACTIVE_ARCH = YES;
				SDKROOT = iphoneos;
				SWIFT_ACTIVE_COMPILATION_CONDITIONS = DEBUG;
				SWIFT_OPTIMIZATION_LEVEL = "-Onone";
			};
			name = Debug;
		};
		04D40A392533DC7700DEB14B /* Release */ = {
			isa = XCBuildConfiguration;
			buildSettings = {
				ALWAYS_SEARCH_USER_PATHS = NO;
				CLANG_ANALYZER_NONNULL = YES;
				CLANG_ANALYZER_NUMBER_OBJECT_CONVERSION = YES_AGGRESSIVE;
				CLANG_CXX_LANGUAGE_STANDARD = "gnu++14";
				CLANG_CXX_LIBRARY = "libc++";
				CLANG_ENABLE_MODULES = YES;
				CLANG_ENABLE_OBJC_ARC = YES;
				CLANG_ENABLE_OBJC_WEAK = YES;
				CLANG_WARN_BLOCK_CAPTURE_AUTORELEASING = YES;
				CLANG_WARN_BOOL_CONVERSION = YES;
				CLANG_WARN_COMMA = YES;
				CLANG_WARN_CONSTANT_CONVERSION = YES;
				CLANG_WARN_DEPRECATED_OBJC_IMPLEMENTATIONS = YES;
				CLANG_WARN_DIRECT_OBJC_ISA_USAGE = YES_ERROR;
				CLANG_WARN_DOCUMENTATION_COMMENTS = YES;
				CLANG_WARN_EMPTY_BODY = YES;
				CLANG_WARN_ENUM_CONVERSION = YES;
				CLANG_WARN_INFINITE_RECURSION = YES;
				CLANG_WARN_INT_CONVERSION = YES;
				CLANG_WARN_NON_LITERAL_NULL_CONVERSION = YES;
				CLANG_WARN_OBJC_IMPLICIT_RETAIN_SELF = YES;
				CLANG_WARN_OBJC_LITERAL_CONVERSION = YES;
				CLANG_WARN_OBJC_ROOT_CLASS = YES_ERROR;
				CLANG_WARN_RANGE_LOOP_ANALYSIS = YES;
				CLANG_WARN_STRICT_PROTOTYPES = YES;
				CLANG_WARN_SUSPICIOUS_MOVE = YES;
				CLANG_WARN_UNGUARDED_AVAILABILITY = YES_AGGRESSIVE;
				CLANG_WARN_UNREACHABLE_CODE = YES;
				CLANG_WARN__DUPLICATE_METHOD_MATCH = YES;
				COPY_PHASE_STRIP = NO;
				DEBUG_INFORMATION_FORMAT = "dwarf-with-dsym";
				ENABLE_NS_ASSERTIONS = NO;
				ENABLE_STRICT_OBJC_MSGSEND = YES;
				GCC_C_LANGUAGE_STANDARD = gnu11;
				GCC_NO_COMMON_BLOCKS = YES;
				GCC_WARN_64_TO_32_BIT_CONVERSION = YES;
				GCC_WARN_ABOUT_RETURN_TYPE = YES_ERROR;
				GCC_WARN_UNDECLARED_SELECTOR = YES;
				GCC_WARN_UNINITIALIZED_AUTOS = YES_AGGRESSIVE;
				GCC_WARN_UNUSED_FUNCTION = YES;
				GCC_WARN_UNUSED_VARIABLE = YES;
				IPHONEOS_DEPLOYMENT_TARGET = 13.0;
				MTL_ENABLE_DEBUG_INFO = NO;
				MTL_FAST_MATH = YES;
				SDKROOT = iphoneos;
				SWIFT_COMPILATION_MODE = wholemodule;
				SWIFT_OPTIMIZATION_LEVEL = "-O";
				VALIDATE_PRODUCT = YES;
			};
			name = Release;
		};
		04D40A3B2533DC7700DEB14B /* Debug */ = {
			isa = XCBuildConfiguration;
			baseConfigurationReference = 798F93902398718CE4ECE3B6 /* Pods-DoSport.debug.xcconfig */;
			buildSettings = {
				ASSETCATALOG_COMPILER_APPICON_NAME = AppIcon;
				CODE_SIGN_STYLE = Automatic;
				DEVELOPMENT_TEAM = 4R79A6C4N5;
				INFOPLIST_FILE = DoSport/Resources/Info.plist;
				LD_RUNPATH_SEARCH_PATHS = (
					"$(inherited)",
					"@executable_path/Frameworks",
				);
				PRODUCT_BUNDLE_IDENTIFIER = StudyProject.DoSport;
				PRODUCT_NAME = "$(TARGET_NAME)";
				SWIFT_VERSION = 5.0;
				TARGETED_DEVICE_FAMILY = "1,2";
			};
			name = Debug;
		};
		04D40A3C2533DC7700DEB14B /* Release */ = {
			isa = XCBuildConfiguration;
			baseConfigurationReference = 0E789D1C64439D522F33FEAF /* Pods-DoSport.release.xcconfig */;
			buildSettings = {
				ASSETCATALOG_COMPILER_APPICON_NAME = AppIcon;
				CODE_SIGN_STYLE = Automatic;
				DEVELOPMENT_TEAM = 4R79A6C4N5;
				INFOPLIST_FILE = DoSport/Resources/Info.plist;
				LD_RUNPATH_SEARCH_PATHS = (
					"$(inherited)",
					"@executable_path/Frameworks",
				);
				PRODUCT_BUNDLE_IDENTIFIER = StudyProject.DoSport;
				PRODUCT_NAME = "$(TARGET_NAME)";
				SWIFT_VERSION = 5.0;
				TARGETED_DEVICE_FAMILY = "1,2";
			};
			name = Release;
		};
/* End XCBuildConfiguration section */

/* Begin XCConfigurationList section */
		04D40A212533DC7600DEB14B /* Build configuration list for PBXProject "DoSport" */ = {
			isa = XCConfigurationList;
			buildConfigurations = (
				04D40A382533DC7700DEB14B /* Debug */,
				04D40A392533DC7700DEB14B /* Release */,
			);
			defaultConfigurationIsVisible = 0;
			defaultConfigurationName = Release;
		};
		04D40A3A2533DC7700DEB14B /* Build configuration list for PBXNativeTarget "DoSport" */ = {
			isa = XCConfigurationList;
			buildConfigurations = (
				04D40A3B2533DC7700DEB14B /* Debug */,
				04D40A3C2533DC7700DEB14B /* Release */,
			);
			defaultConfigurationIsVisible = 0;
			defaultConfigurationName = Release;
		};
/* End XCConfigurationList section */
	};
	rootObject = 04D40A1E2533DC7600DEB14B /* Project object */;
}
